
Microsoft Visual Studio Solution File, Format Version 12.00
# Visual Studio Version 17
VisualStudioVersion = 17.5.33530.505
MinimumVisualStudioVersion = 10.0.40219.1
Project("{2150E333-8FDC-42A3-9474-1A3956D46DE8}") = "Src", "Src", "{905A8126-03D5-4949-90E0-0931B1324D13}"
EndProject
Project("{2150E333-8FDC-42A3-9474-1A3956D46DE8}") = "Test", "Test", "{DE9DBC16-4BEB-4156-97A0-812F9A83432B}"
EndProject
Project("{2150E333-8FDC-42A3-9474-1A3956D46DE8}") = "Doc", "Doc", "{FDC9552A-F89A-4033-8381-2A83EFE4DFBC}"
EndProject
Project("{2150E333-8FDC-42A3-9474-1A3956D46DE8}") = "Common", "Common", "{08069113-24E5-4222-AB26-D93803EAA840}"
EndProject
Project("{2150E333-8FDC-42A3-9474-1A3956D46DE8}") = "Core", "Core", "{2EA4B21F-1054-4C8E-A13E-50A4BAEB1F3A}"
EndProject
Project("{2150E333-8FDC-42A3-9474-1A3956D46DE8}") = "Infrastracture", "Infrastracture", "{7EEED3F0-BA10-422A-A00D-2AD904E53CFB}"
EndProject
Project("{2150E333-8FDC-42A3-9474-1A3956D46DE8}") = "Presantation", "Presantation", "{90964B71-BBBF-4477-809F-959B341C367D}"
EndProject
Project("{9A19103F-16F7-4668-BE54-9A1E7A4F7556}") = "Store.Common", "Store.Common\Store.Common.csproj", "{976980AA-44BC-477F-912A-962ADA8DF499}"
EndProject
Project("{9A19103F-16F7-4668-BE54-9A1E7A4F7556}") = "Store.Application", "Store.Application\Store.Application.csproj", "{A02F988B-C712-4BA4-A071-F8387E5F9354}"
EndProject
Project("{9A19103F-16F7-4668-BE54-9A1E7A4F7556}") = "Store.Domain", "Store.Domain\Store.Domain.csproj", "{5E9A3B99-AAD7-4666-908E-6A01F032C7FB}"
EndProject
Project("{9A19103F-16F7-4668-BE54-9A1E7A4F7556}") = "Store.Persistence", "Store.Persistence\Store.Persistence.csproj", "{6B6FB3FA-D7AA-451E-8EDF-72793CE9AD90}"
EndProject
Project("{9A19103F-16F7-4668-BE54-9A1E7A4F7556}") = "EndPointStore", "EndPointStore\EndPointStore.csproj", "{A7E28E8C-2800-4FA8-B50F-E5A2ED75E813}"
EndProject
Project("{FAE04EC0-301F-11D3-BF4B-00C04F79EFBC}") = "Store.Infrastracture", "Store.Infrastracture\Store.Infrastracture.csproj", "{709B8DE9-E152-456F-BB0C-C7D4FA26F0F0}"
EndProject
Global
	GlobalSection(SolutionConfigurationPlatforms) = preSolution
		Debug|Any CPU = Debug|Any CPU
		Release|Any CPU = Release|Any CPU
	EndGlobalSection
	GlobalSection(ProjectConfigurationPlatforms) = postSolution
		{976980AA-44BC-477F-912A-962ADA8DF499}.Debug|Any CPU.ActiveCfg = Debug|Any CPU
		{976980AA-44BC-477F-912A-962ADA8DF499}.Debug|Any CPU.Build.0 = Debug|Any CPU
		{976980AA-44BC-477F-912A-962ADA8DF499}.Release|Any CPU.ActiveCfg = Release|Any CPU
		{976980AA-44BC-477F-912A-962ADA8DF499}.Release|Any CPU.Build.0 = Release|Any CPU
		{A02F988B-C712-4BA4-A071-F8387E5F9354}.Debug|Any CPU.ActiveCfg = Debug|Any CPU
		{A02F988B-C712-4BA4-A071-F8387E5F9354}.Debug|Any CPU.Build.0 = Debug|Any CPU
		{A02F988B-C712-4BA4-A071-F8387E5F9354}.Release|Any CPU.ActiveCfg = Release|Any CPU
		{A02F988B-C712-4BA4-A071-F8387E5F9354}.Release|Any CPU.Build.0 = Release|Any CPU
		{5E9A3B99-AAD7-4666-908E-6A01F032C7FB}.Debug|Any CPU.ActiveCfg = Debug|Any CPU
		{5E9A3B99-AAD7-4666-908E-6A01F032C7FB}.Debug|Any CPU.Build.0 = Debug|Any CPU
		{5E9A3B99-AAD7-4666-908E-6A01F032C7FB}.Release|Any CPU.ActiveCfg = Release|Any CPU
		{5E9A3B99-AAD7-4666-908E-6A01F032C7FB}.Release|Any CPU.Build.0 = Release|Any CPU
		{6B6FB3FA-D7AA-451E-8EDF-72793CE9AD90}.Debug|Any CPU.ActiveCfg = Debug|Any CPU
		{6B6FB3FA-D7AA-451E-8EDF-72793CE9AD90}.Debug|Any CPU.Build.0 = Debug|Any CPU
		{6B6FB3FA-D7AA-451E-8EDF-72793CE9AD90}.Release|Any CPU.ActiveCfg = Release|Any CPU
		{6B6FB3FA-D7AA-451E-8EDF-72793CE9AD90}.Release|Any CPU.Build.0 = Release|Any CPU
		{A7E28E8C-2800-4FA8-B50F-E5A2ED75E813}.Debug|Any CPU.ActiveCfg = Debug|Any CPU
		{A7E28E8C-2800-4FA8-B50F-E5A2ED75E813}.Debug|Any CPU.Build.0 = Debug|Any CPU
		{A7E28E8C-2800-4FA8-B50F-E5A2ED75E813}.Release|Any CPU.ActiveCfg = Release|Any CPU
		{A7E28E8C-2800-4FA8-B50F-E5A2ED75E813}.Release|Any CPU.Build.0 = Release|Any CPU
		{709B8DE9-E152-456F-BB0C-C7D4FA26F0F0}.Debug|Any CPU.ActiveCfg = Debug|Any CPU
		{709B8DE9-E152-456F-BB0C-C7D4FA26F0F0}.Debug|Any CPU.Build.0 = Debug|Any CPU
		{709B8DE9-E152-456F-BB0C-C7D4FA26F0F0}.Release|Any CPU.ActiveCfg = Release|Any CPU
		{709B8DE9-E152-456F-BB0C-C7D4FA26F0F0}.Release|Any CPU.Build.0 = Release|Any CPU
	EndGlobalSection
	GlobalSection(SolutionProperties) = preSolution
		HideSolutionNode = FALSE
	EndGlobalSection
	GlobalSection(NestedProjects) = preSolution
		{08069113-24E5-4222-AB26-D93803EAA840} = {905A8126-03D5-4949-90E0-0931B1324D13}
		{2EA4B21F-1054-4C8E-A13E-50A4BAEB1F3A} = {905A8126-03D5-4949-90E0-0931B1324D13}
		{7EEED3F0-BA10-422A-A00D-2AD904E53CFB} = {905A8126-03D5-4949-90E0-0931B1324D13}
		{90964B71-BBBF-4477-809F-959B341C367D} = {905A8126-03D5-4949-90E0-0931B1324D13}
		{976980AA-44BC-477F-912A-962ADA8DF499} = {08069113-24E5-4222-AB26-D93803EAA840}
		{A02F988B-C712-4BA4-A071-F8387E5F9354} = {2EA4B21F-1054-4C8E-A13E-50A4BAEB1F3A}
		{5E9A3B99-AAD7-4666-908E-6A01F032C7FB} = {2EA4B21F-1054-4C8E-A13E-50A4BAEB1F3A}
		{6B6FB3FA-D7AA-451E-8EDF-72793CE9AD90} = {7EEED3F0-BA10-422A-A00D-2AD904E53CFB}
		{A7E28E8C-2800-4FA8-B50F-E5A2ED75E813} = {90964B71-BBBF-4477-809F-959B341C367D}
		{709B8DE9-E152-456F-BB0C-C7D4FA26F0F0} = {7EEED3F0-BA10-422A-A00D-2AD904E53CFB}
	EndGlobalSection
	GlobalSection(ExtensibilityGlobals) = postSolution
		SolutionGuid = {BC0C8A02-67D1-45F4-846A-E7A5C6285EE8}
	EndGlobalSection
EndGlobal
